
Microsoft Visual Studio Solution File, Format Version 12.00
# Visual Studio Version 16
VisualStudioVersion = 16.0.30330.147
MinimumVisualStudioVersion = 10.0.40219.1
Project("{FAE04EC0-301F-11D3-BF4B-00C04F79EFBC}") = "Cladera_Pregunta2", "Cladera_Pregunta2\Cladera_Pregunta2.csproj", "{AD0A2658-2D5D-476A-9F18-B163D66FEE93}"
EndProject
Project("{FAE04EC0-301F-11D3-BF4B-00C04F79EFBC}") = "Cladera_Pregunta2.Tests", "Cladera_Pregunta2.Tests\Cladera_Pregunta2.Tests.csproj", "{339065CD-C294-4222-8CC1-2BE3FDBB763A}"
EndProject
Global
	GlobalSection(SolutionConfigurationPlatforms) = preSolution
		Debug|Any CPU = Debug|Any CPU
		Release|Any CPU = Release|Any CPU
	EndGlobalSection
	GlobalSection(ProjectConfigurationPlatforms) = postSolution
		{AD0A2658-2D5D-476A-9F18-B163D66FEE93}.Debug|Any CPU.ActiveCfg = Debug|Any CPU
		{AD0A2658-2D5D-476A-9F18-B163D66FEE93}.Debug|Any CPU.Build.0 = Debug|Any CPU
		{AD0A2658-2D5D-476A-9F18-B163D66FEE93}.Release|Any CPU.ActiveCfg = Release|Any CPU
		{AD0A2658-2D5D-476A-9F18-B163D66FEE93}.Release|Any CPU.Build.0 = Release|Any CPU
		{339065CD-C294-4222-8CC1-2BE3FDBB763A}.Debug|Any CPU.ActiveCfg = Debug|Any CPU
		{339065CD-C294-4222-8CC1-2BE3FDBB763A}.Debug|Any CPU.Build.0 = Debug|Any CPU
		{339065CD-C294-4222-8CC1-2BE3FDBB763A}.Release|Any CPU.ActiveCfg = Release|Any CPU
		{339065CD-C294-4222-8CC1-2BE3FDBB763A}.Release|Any CPU.Build.0 = Release|Any CPU
	EndGlobalSection
	GlobalSection(SolutionProperties) = preSolution
		HideSolutionNode = FALSE
	EndGlobalSection
	GlobalSection(ExtensibilityGlobals) = postSolution
		SolutionGuid = {40B9A554-E546-4801-AE53-10A631FB4809}
	EndGlobalSection
EndGlobal
